
Microsoft Visual Studio Solution File, Format Version 12.00
# Visual Studio Version 16
VisualStudioVersion = 16.0.31605.320
MinimumVisualStudioVersion = 10.0.40219.1
Project("{FAE04EC0-301F-11D3-BF4B-00C04F79EFBC}") = "PCA", "PCA.csproj", "{50C925B8-F94C-4B46-B2B7-9B616180777B}"
EndProject
Global
	GlobalSection(SolutionConfigurationPlatforms) = preSolution
		Debug|Any CPU = Debug|Any CPU
		Release|Any CPU = Release|Any CPU
	EndGlobalSection
	GlobalSection(ProjectConfigurationPlatforms) = postSolution
		{50C925B8-F94C-4B46-B2B7-9B616180777B}.Debug|Any CPU.ActiveCfg = Debug|Any CPU
		{50C925B8-F94C-4B46-B2B7-9B616180777B}.Debug|Any CPU.Build.0 = Debug|Any CPU
		{50C925B8-F94C-4B46-B2B7-9B616180777B}.Release|Any CPU.ActiveCfg = Release|Any CPU
		{50C925B8-F94C-4B46-B2B7-9B616180777B}.Release|Any CPU.Build.0 = Release|Any CPU
	EndGlobalSection
	GlobalSection(SolutionProperties) = preSolution
		HideSolutionNode = FALSE
	EndGlobalSection
	GlobalSection(ExtensibilityGlobals) = postSolution
		SolutionGuid = {2362383E-D7F5-4899-AF7A-14E952F534CB}
	EndGlobalSection
EndGlobal
